
Microsoft Visual Studio Solution File, Format Version 12.00
# Visual Studio Version 17
VisualStudioVersion = 17.10.35013.160
MinimumVisualStudioVersion = 10.0.40219.1
Project("{FAE04EC0-301F-11D3-BF4B-00C04F79EFBC}") = "Lab8-Smirnov", "Lab8-Smirnov\Lab8-Smirnov.csproj", "{F24E7038-B08E-46DC-B5DB-7B94B7C01429}"
EndProject
Global
	GlobalSection(SolutionConfigurationPlatforms) = preSolution
		Debug|Any CPU = Debug|Any CPU
		Release|Any CPU = Release|Any CPU
	EndGlobalSection
	GlobalSection(ProjectConfigurationPlatforms) = postSolution
		{F24E7038-B08E-46DC-B5DB-7B94B7C01429}.Debug|Any CPU.ActiveCfg = Debug|Any CPU
		{F24E7038-B08E-46DC-B5DB-7B94B7C01429}.Debug|Any CPU.Build.0 = Debug|Any CPU
		{F24E7038-B08E-46DC-B5DB-7B94B7C01429}.Release|Any CPU.ActiveCfg = Release|Any CPU
		{F24E7038-B08E-46DC-B5DB-7B94B7C01429}.Release|Any CPU.Build.0 = Release|Any CPU
	EndGlobalSection
	GlobalSection(SolutionProperties) = preSolution
		HideSolutionNode = FALSE
	EndGlobalSection
	GlobalSection(ExtensibilityGlobals) = postSolution
		SolutionGuid = {D852BC60-C71A-48FF-81FE-F4699D0DF821}
	EndGlobalSection
EndGlobal
